
Microsoft Visual Studio Solution File, Format Version 12.00
# Visual Studio 14
VisualStudioVersion = 14.0.25123.0
MinimumVisualStudioVersion = 10.0.40219.1
Project("{2150E333-8FDC-42A3-9474-1A3956D46DE8}") = "Modules", "Modules", "{4923E70A-8F8D-4309-B042-C08B7C4940AE}"
EndProject
Project("{FAE04EC0-301F-11D3-BF4B-00C04F79EFBC}") = "Smellyriver.TankInspector.Pro", "Smellyriver.TankInspector.Pro\Smellyriver.TankInspector.Pro.csproj", "{81E2BE69-6CC3-4EBA-8C9F-43D8C1CE254C}"
EndProject
Project("{FAE04EC0-301F-11D3-BF4B-00C04F79EFBC}") = "Smellyriver.TankInspector.Pro.CameraController", "Smellyriver.TankInspector.Pro.CameraController\Smellyriver.TankInspector.Pro.CameraController.csproj", "{88D02A6C-FBF4-4ED5-8589-82FB77411C9D}"
EndProject
Project("{FAE04EC0-301F-11D3-BF4B-00C04F79EFBC}") = "Smellyriver.TankInspector.Pro.InteractiveConsole", "Smellyriver.TankInspector.Pro.InteractiveConsole\Smellyriver.TankInspector.Pro.InteractiveConsole.csproj", "{257EFDDC-6BE9-40B9-9D2C-B71A6938B8CB}"
EndProject
Project("{FAE04EC0-301F-11D3-BF4B-00C04F79EFBC}") = "Smellyriver.TankInspector.Pro.TankConfigurator", "Smellyriver.TankInspector.Pro.TankConfigurator\Smellyriver.TankInspector.Pro.TankConfigurator.csproj", "{C504614D-E365-4B4B-B962-F31BCDA78EAD}"
EndProject
Project("{FAE04EC0-301F-11D3-BF4B-00C04F79EFBC}") = "Smellyriver.TankInspector.Pro.TankMuseum", "Smellyriver.TankInspector.Pro.TankMuseum\Smellyriver.TankInspector.Pro.TankMuseum.csproj", "{0DD4242C-E743-4FAC-8427-302D53262981}"
EndProject
Project("{FAE04EC0-301F-11D3-BF4B-00C04F79EFBC}") = "Smellyriver.TankInspector.Pro.CrewConfigurator", "Smellyriver.TankInspector.Pro.CrewConfigurator\Smellyriver.TankInspector.Pro.CrewConfigurator.csproj", "{DC6D0CD0-9AAF-47C1-B974-E70DBD8A4A7C}"
EndProject
Project("{FAE04EC0-301F-11D3-BF4B-00C04F79EFBC}") = "Smellyriver.TankInspector.IO", "Smellyriver.TankInspector.IO\Smellyriver.TankInspector.IO.csproj", "{33C70321-47CB-4A97-A0EC-CA09A7CBF6E9}"
EndProject
Project("{FAE04EC0-301F-11D3-BF4B-00C04F79EFBC}") = "Smellyriver.TankInspector.Pro.XmlViewerService", "Smellyriver.TankInspector.Pro.XmlViewerService\Smellyriver.TankInspector.Pro.XmlViewerService.csproj", "{93EB2C71-E1A5-4980-AE08-FF8B410C0003}"
EndProject
Project("{FAE04EC0-301F-11D3-BF4B-00C04F79EFBC}") = "Smellyriver.TankInspector.Pro.XmlTools", "Smellyriver.TankInspector.Pro.XmlTools\Smellyriver.TankInspector.Pro.XmlTools.csproj", "{7D69CD46-E744-4188-AC44-E97DD561B227}"
EndProject
Project("{FAE04EC0-301F-11D3-BF4B-00C04F79EFBC}") = "Smellyriver.TankInspector.Pro.GameClientExplorer", "Smellyriver.TankInspector.Pro.GameClientExplorer\Smellyriver.TankInspector.Pro.GameClientExplorer.csproj", "{0A3EFD89-DE08-4FDB-B5F5-B599C99CE284}"
EndProject
Project("{FAE04EC0-301F-11D3-BF4B-00C04F79EFBC}") = "Smellyriver.TankInspector.Pro.StatsInspector", "Smellyriver.TankInspector.Pro.StatsInspector\Smellyriver.TankInspector.Pro.StatsInspector.csproj", "{7490ADF9-15D6-47DC-B688-704401233F4A}"
EndProject
Project("{FAE04EC0-301F-11D3-BF4B-00C04F79EFBC}") = "Smellyriver.TankInspector.Pro.ModelInspector", "Smellyriver.TankInspector.Pro.ModelInspector\Smellyriver.TankInspector.Pro.ModelInspector.csproj", "{DBF05E50-3F3B-475D-A991-FB0CD5BB48EB}"
EndProject
Project("{FAE04EC0-301F-11D3-BF4B-00C04F79EFBC}") = "Smellyriver.TankInspector.Pro.StatComparer", "Smellyriver.TankInspector.Pro.StatComparer\Smellyriver.TankInspector.Pro.StatComparer.csproj", "{26FDC041-8D37-40F2-B302-E2E05DFA5DDB}"
EndProject
Project("{FAE04EC0-301F-11D3-BF4B-00C04F79EFBC}") = "Smellyriver.TankInspector.Pro.StatsShared", "Smellyriver.TankInspector.Pro.StatsShared\Smellyriver.TankInspector.Pro.StatsShared.csproj", "{22CA3224-02A2-4BD0-A727-D67B856935C3}"
EndProject
Project("{FAE04EC0-301F-11D3-BF4B-00C04F79EFBC}") = "Smellyriver.TankInspector.Pro.TechTree", "Smellyriver.TankInspector.Pro.TechTree\Smellyriver.TankInspector.Pro.TechTree.csproj", "{452D1222-0989-4521-9501-50D38536E390}"
EndProject
Project("{FAE04EC0-301F-11D3-BF4B-00C04F79EFBC}") = "Smellyriver.TankInspector.Pro.PatchnoteGenerator", "Smellyriver.TankInspector.Pro.PatchnoteGenerator\Smellyriver.TankInspector.Pro.PatchnoteGenerator.csproj", "{66676F42-46AF-49E0-A9A7-D39D21098693}"
EndProject
Project("{FAE04EC0-301F-11D3-BF4B-00C04F79EFBC}") = "Smellyriver.TankInspector.Pro.StatChangesView", "Smellyriver.TankInspector.Pro.StatChangesView\Smellyriver.TankInspector.Pro.StatChangesView.csproj", "{ABD2F40B-FCF1-43D6-9258-0698D3112D48}"
EndProject
Project("{FAE04EC0-301F-11D3-BF4B-00C04F79EFBC}") = "Smellyriver.TankInspector.Pro.ConfiguratorShared", "Smellyriver.TankInspector.Pro.ConfiguratorShared\Smellyriver.TankInspector.Pro.ConfiguratorShared.csproj", "{94B9C43C-F0E8-4759-ACB1-148DF16F2815}"
EndProject
Project("{FAE04EC0-301F-11D3-BF4B-00C04F79EFBC}") = "Smellyriver.TankInspector.Pro.TankModuleShared", "Smellyriver.TankInspector.Pro.TankModuleShared\Smellyriver.TankInspector.Pro.TankModuleShared.csproj", "{849C3BA0-D1FD-4D57-B95A-590B9E5954C8}"
EndProject
Project("{FAE04EC0-301F-11D3-BF4B-00C04F79EFBC}") = "Smellyriver.TankInspector.Pro.Globalization", "Smellyriver.TankInspector.Pro.Globalization\Smellyriver.TankInspector.Pro.Globalization.csproj", "{9890F571-444F-4EDB-8BA4-58F1C0921937}"
EndProject
Project("{FAE04EC0-301F-11D3-BF4B-00C04F79EFBC}") = "Smellyriver.TankInspector.Pro.ModelShared", "Smellyriver.TankInspector.Pro.ModelShared\Smellyriver.TankInspector.Pro.ModelShared.csproj", "{E10E5A97-BC2A-47EF-96D3-57A7774220EA}"
EndProject
Project("{FAE04EC0-301F-11D3-BF4B-00C04F79EFBC}") = "Smellyriver.TankInspector.Pro.Themes.Default", "Smellyriver.TankInspector.Pro.Themes.Default\Smellyriver.TankInspector.Pro.Themes.Default.csproj", "{95996305-E16C-4756-93E4-B615B6793F2A}"
EndProject
Project("{FAE04EC0-301F-11D3-BF4B-00C04F79EFBC}") = "Smellyriver.TankInspector.Pro.Graphics", "Smellyriver.TankInspector.Pro.Graphics\Smellyriver.TankInspector.Pro.Graphics.csproj", "{B7B29422-A7EF-4457-9D23-A57C78F1C039}"
EndProject
Project("{FAE04EC0-301F-11D3-BF4B-00C04F79EFBC}") = "Smellyriver.TankInspector.Pro.CustomizationConfigurator", "Smellyriver.TankInspector.Pro.CustomizationConfigurator\Smellyriver.TankInspector.Pro.CustomizationConfigurator.csproj", "{D078E6BA-66BB-42BA-827B-92770ECBE928}"
EndProject
Project("{FAE04EC0-301F-11D3-BF4B-00C04F79EFBC}") = "Smellyriver.TankInspector.Pro.TurretController", "Smellyriver.TankInspector.Pro.TurretController\Smellyriver.TankInspector.Pro.TurretController.csproj", "{5A2EB9D1-948D-4E1C-9185-EE47FEB9CAFB}"
EndProject
Project("{FAE04EC0-301F-11D3-BF4B-00C04F79EFBC}") = "Smellyriver.TankInspector.Pro.ArmorInspector", "Smellyriver.TankInspector.Pro.ArmorInspector\Smellyriver.TankInspector.Pro.ArmorInspector.csproj", "{E6AF58A8-1991-4193-A560-B5A1882D7297}"
EndProject
Project("{FAE04EC0-301F-11D3-BF4B-00C04F79EFBC}") = "Smellyriver.TankInspector.Core", "Smellyriver.TankInspector.Core\Smellyriver.TankInspector.Core.csproj", "{4DCE28FE-43FF-4E85-915A-1F460D86F881}"
EndProject
Project("{FAE04EC0-301F-11D3-BF4B-00C04F79EFBC}") = "Smellyriver.TankInspector.Common", "Smellyriver.TankInspector.Common\Smellyriver.TankInspector.Common.csproj", "{12FDEEFC-91D4-4FA1-8601-4DB4A87F99F3}"
EndProject
Project("{FAE04EC0-301F-11D3-BF4B-00C04F79EFBC}") = "Smellyriver.TankInspector.Common.Wpf", "Smellyriver.TankInspector.Common.Wpf\Smellyriver.TankInspector.Common.Wpf.csproj", "{7098A00E-1F84-48A2-A5B2-ADCBEE3BA880}"
EndProject
Project("{2150E333-8FDC-42A3-9474-1A3956D46DE8}") = "Common", "Common", "{E272F1BF-BBB4-43E8-ABC3-E5357A9A7616}"
EndProject
Global
	GlobalSection(SolutionConfigurationPlatforms) = preSolution
		Debug|Any CPU = Debug|Any CPU
		Debug|Mixed Platforms = Debug|Mixed Platforms
		Debug|x86 = Debug|x86
		Release|Any CPU = Release|Any CPU
		Release|Mixed Platforms = Release|Mixed Platforms
		Release|x86 = Release|x86
	EndGlobalSection
	GlobalSection(ProjectConfigurationPlatforms) = postSolution
		{81E2BE69-6CC3-4EBA-8C9F-43D8C1CE254C}.Debug|Any CPU.ActiveCfg = Debug|Any CPU
		{81E2BE69-6CC3-4EBA-8C9F-43D8C1CE254C}.Debug|Any CPU.Build.0 = Debug|Any CPU
		{81E2BE69-6CC3-4EBA-8C9F-43D8C1CE254C}.Debug|Mixed Platforms.ActiveCfg = Debug|Any CPU
		{81E2BE69-6CC3-4EBA-8C9F-43D8C1CE254C}.Debug|Mixed Platforms.Build.0 = Debug|Any CPU
		{81E2BE69-6CC3-4EBA-8C9F-43D8C1CE254C}.Debug|x86.ActiveCfg = Debug|x86
		{81E2BE69-6CC3-4EBA-8C9F-43D8C1CE254C}.Debug|x86.Build.0 = Debug|x86
		{81E2BE69-6CC3-4EBA-8C9F-43D8C1CE254C}.Release|Any CPU.ActiveCfg = Release|Any CPU
		{81E2BE69-6CC3-4EBA-8C9F-43D8C1CE254C}.Release|Any CPU.Build.0 = Release|Any CPU
		{81E2BE69-6CC3-4EBA-8C9F-43D8C1CE254C}.Release|Mixed Platforms.ActiveCfg = Release|x86
		{81E2BE69-6CC3-4EBA-8C9F-43D8C1CE254C}.Release|Mixed Platforms.Build.0 = Release|x86
		{81E2BE69-6CC3-4EBA-8C9F-43D8C1CE254C}.Release|x86.ActiveCfg = Release|x86
		{81E2BE69-6CC3-4EBA-8C9F-43D8C1CE254C}.Release|x86.Build.0 = Release|x86
		{88D02A6C-FBF4-4ED5-8589-82FB77411C9D}.Debug|Any CPU.ActiveCfg = Debug|Any CPU
		{88D02A6C-FBF4-4ED5-8589-82FB77411C9D}.Debug|Any CPU.Build.0 = Debug|Any CPU
		{88D02A6C-FBF4-4ED5-8589-82FB77411C9D}.Debug|Mixed Platforms.ActiveCfg = Debug|Any CPU
		{88D02A6C-FBF4-4ED5-8589-82FB77411C9D}.Debug|Mixed Platforms.Build.0 = Debug|Any CPU
		{88D02A6C-FBF4-4ED5-8589-82FB77411C9D}.Debug|x86.ActiveCfg = Debug|x86
		{88D02A6C-FBF4-4ED5-8589-82FB77411C9D}.Debug|x86.Build.0 = Debug|x86
		{88D02A6C-FBF4-4ED5-8589-82FB77411C9D}.Release|Any CPU.ActiveCfg = Release|Any CPU
		{88D02A6C-FBF4-4ED5-8589-82FB77411C9D}.Release|Any CPU.Build.0 = Release|Any CPU
		{88D02A6C-FBF4-4ED5-8589-82FB77411C9D}.Release|Mixed Platforms.ActiveCfg = Release|x86
		{88D02A6C-FBF4-4ED5-8589-82FB77411C9D}.Release|Mixed Platforms.Build.0 = Release|x86
		{88D02A6C-FBF4-4ED5-8589-82FB77411C9D}.Release|x86.ActiveCfg = Release|x86
		{88D02A6C-FBF4-4ED5-8589-82FB77411C9D}.Release|x86.Build.0 = Release|x86
		{257EFDDC-6BE9-40B9-9D2C-B71A6938B8CB}.Debug|Any CPU.ActiveCfg = Debug|Any CPU
		{257EFDDC-6BE9-40B9-9D2C-B71A6938B8CB}.Debug|Any CPU.Build.0 = Debug|Any CPU
		{257EFDDC-6BE9-40B9-9D2C-B71A6938B8CB}.Debug|Mixed Platforms.ActiveCfg = Debug|Any CPU
		{257EFDDC-6BE9-40B9-9D2C-B71A6938B8CB}.Debug|Mixed Platforms.Build.0 = Debug|Any CPU
		{257EFDDC-6BE9-40B9-9D2C-B71A6938B8CB}.Debug|x86.ActiveCfg = Debug|x86
		{257EFDDC-6BE9-40B9-9D2C-B71A6938B8CB}.Debug|x86.Build.0 = Debug|x86
		{257EFDDC-6BE9-40B9-9D2C-B71A6938B8CB}.Release|Any CPU.ActiveCfg = Release|Any CPU
		{257EFDDC-6BE9-40B9-9D2C-B71A6938B8CB}.Release|Any CPU.Build.0 = Release|Any CPU
		{257EFDDC-6BE9-40B9-9D2C-B71A6938B8CB}.Release|Mixed Platforms.ActiveCfg = Release|x86
		{257EFDDC-6BE9-40B9-9D2C-B71A6938B8CB}.Release|Mixed Platforms.Build.0 = Release|x86
		{257EFDDC-6BE9-40B9-9D2C-B71A6938B8CB}.Release|x86.ActiveCfg = Release|x86
		{257EFDDC-6BE9-40B9-9D2C-B71A6938B8CB}.Release|x86.Build.0 = Release|x86
		{C504614D-E365-4B4B-B962-F31BCDA78EAD}.Debug|Any CPU.ActiveCfg = Debug|Any CPU
		{C504614D-E365-4B4B-B962-F31BCDA78EAD}.Debug|Any CPU.Build.0 = Debug|Any CPU
		{C504614D-E365-4B4B-B962-F31BCDA78EAD}.Debug|Mixed Platforms.ActiveCfg = Debug|Any CPU
		{C504614D-E365-4B4B-B962-F31BCDA78EAD}.Debug|Mixed Platforms.Build.0 = Debug|Any CPU
		{C504614D-E365-4B4B-B962-F31BCDA78EAD}.Debug|x86.ActiveCfg = Debug|x86
		{C504614D-E365-4B4B-B962-F31BCDA78EAD}.Debug|x86.Build.0 = Debug|x86
		{C504614D-E365-4B4B-B962-F31BCDA78EAD}.Release|Any CPU.ActiveCfg = Release|Any CPU
		{C504614D-E365-4B4B-B962-F31BCDA78EAD}.Release|Any CPU.Build.0 = Release|Any CPU
		{C504614D-E365-4B4B-B962-F31BCDA78EAD}.Release|Mixed Platforms.ActiveCfg = Release|x86
		{C504614D-E365-4B4B-B962-F31BCDA78EAD}.Release|Mixed Platforms.Build.0 = Release|x86
		{C504614D-E365-4B4B-B962-F31BCDA78EAD}.Release|x86.ActiveCfg = Release|x86
		{C504614D-E365-4B4B-B962-F31BCDA78EAD}.Release|x86.Build.0 = Release|x86
		{0DD4242C-E743-4FAC-8427-302D53262981}.Debug|Any CPU.ActiveCfg = Debug|Any CPU
		{0DD4242C-E743-4FAC-8427-302D53262981}.Debug|Any CPU.Build.0 = Debug|Any CPU
		{0DD4242C-E743-4FAC-8427-302D53262981}.Debug|Mixed Platforms.ActiveCfg = Debug|Any CPU
		{0DD4242C-E743-4FAC-8427-302D53262981}.Debug|Mixed Platforms.Build.0 = Debug|Any CPU
		{0DD4242C-E743-4FAC-8427-302D53262981}.Debug|x86.ActiveCfg = Debug|x86
		{0DD4242C-E743-4FAC-8427-302D53262981}.Debug|x86.Build.0 = Debug|x86
		{0DD4242C-E743-4FAC-8427-302D53262981}.Release|Any CPU.ActiveCfg = Release|Any CPU
		{0DD4242C-E743-4FAC-8427-302D53262981}.Release|Any CPU.Build.0 = Release|Any CPU
		{0DD4242C-E743-4FAC-8427-302D53262981}.Release|Mixed Platforms.ActiveCfg = Release|x86
		{0DD4242C-E743-4FAC-8427-302D53262981}.Release|Mixed Platforms.Build.0 = Release|x86
		{0DD4242C-E743-4FAC-8427-302D53262981}.Release|x86.ActiveCfg = Release|x86
		{0DD4242C-E743-4FAC-8427-302D53262981}.Release|x86.Build.0 = Release|x86
		{DC6D0CD0-9AAF-47C1-B974-E70DBD8A4A7C}.Debug|Any CPU.ActiveCfg = Debug|Any CPU
		{DC6D0CD0-9AAF-47C1-B974-E70DBD8A4A7C}.Debug|Any CPU.Build.0 = Debug|Any CPU
		{DC6D0CD0-9AAF-47C1-B974-E70DBD8A4A7C}.Debug|Mixed Platforms.ActiveCfg = Debug|Any CPU
		{DC6D0CD0-9AAF-47C1-B974-E70DBD8A4A7C}.Debug|Mixed Platforms.Build.0 = Debug|Any CPU
		{DC6D0CD0-9AAF-47C1-B974-E70DBD8A4A7C}.Debug|x86.ActiveCfg = Debug|x86
		{DC6D0CD0-9AAF-47C1-B974-E70DBD8A4A7C}.Debug|x86.Build.0 = Debug|x86
		{DC6D0CD0-9AAF-47C1-B974-E70DBD8A4A7C}.Release|Any CPU.ActiveCfg = Release|Any CPU
		{DC6D0CD0-9AAF-47C1-B974-E70DBD8A4A7C}.Release|Any CPU.Build.0 = Release|Any CPU
		{DC6D0CD0-9AAF-47C1-B974-E70DBD8A4A7C}.Release|Mixed Platforms.ActiveCfg = Release|x86
		{DC6D0CD0-9AAF-47C1-B974-E70DBD8A4A7C}.Release|Mixed Platforms.Build.0 = Release|x86
		{DC6D0CD0-9AAF-47C1-B974-E70DBD8A4A7C}.Release|x86.ActiveCfg = Release|x86
		{DC6D0CD0-9AAF-47C1-B974-E70DBD8A4A7C}.Release|x86.Build.0 = Release|x86
		{33C70321-47CB-4A97-A0EC-CA09A7CBF6E9}.Debug|Any CPU.ActiveCfg = Debug|Any CPU
		{33C70321-47CB-4A97-A0EC-CA09A7CBF6E9}.Debug|Any CPU.Build.0 = Debug|Any CPU
		{33C70321-47CB-4A97-A0EC-CA09A7CBF6E9}.Debug|Mixed Platforms.ActiveCfg = Debug|Any CPU
		{33C70321-47CB-4A97-A0EC-CA09A7CBF6E9}.Debug|Mixed Platforms.Build.0 = Debug|Any CPU
		{33C70321-47CB-4A97-A0EC-CA09A7CBF6E9}.Debug|x86.ActiveCfg = Debug|x86
		{33C70321-47CB-4A97-A0EC-CA09A7CBF6E9}.Debug|x86.Build.0 = Debug|x86
		{33C70321-47CB-4A97-A0EC-CA09A7CBF6E9}.Release|Any CPU.ActiveCfg = Release|Any CPU
		{33C70321-47CB-4A97-A0EC-CA09A7CBF6E9}.Release|Any CPU.Build.0 = Release|Any CPU
		{33C70321-47CB-4A97-A0EC-CA09A7CBF6E9}.Release|Mixed Platforms.ActiveCfg = Release|x86
		{33C70321-47CB-4A97-A0EC-CA09A7CBF6E9}.Release|Mixed Platforms.Build.0 = Release|x86
		{33C70321-47CB-4A97-A0EC-CA09A7CBF6E9}.Release|x86.ActiveCfg = Release|x86
		{33C70321-47CB-4A97-A0EC-CA09A7CBF6E9}.Release|x86.Build.0 = Release|x86
		{93EB2C71-E1A5-4980-AE08-FF8B410C0003}.Debug|Any CPU.ActiveCfg = Debug|Any CPU
		{93EB2C71-E1A5-4980-AE08-FF8B410C0003}.Debug|Any CPU.Build.0 = Debug|Any CPU
		{93EB2C71-E1A5-4980-AE08-FF8B410C0003}.Debug|Mixed Platforms.ActiveCfg = Debug|Any CPU
		{93EB2C71-E1A5-4980-AE08-FF8B410C0003}.Debug|Mixed Platforms.Build.0 = Debug|Any CPU
		{93EB2C71-E1A5-4980-AE08-FF8B410C0003}.Debug|x86.ActiveCfg = Debug|x86
		{93EB2C71-E1A5-4980-AE08-FF8B410C0003}.Debug|x86.Build.0 = Debug|x86
		{93EB2C71-E1A5-4980-AE08-FF8B410C0003}.Release|Any CPU.ActiveCfg = Release|Any CPU
		{93EB2C71-E1A5-4980-AE08-FF8B410C0003}.Release|Any CPU.Build.0 = Release|Any CPU
		{93EB2C71-E1A5-4980-AE08-FF8B410C0003}.Release|Mixed Platforms.ActiveCfg = Release|x86
		{93EB2C71-E1A5-4980-AE08-FF8B410C0003}.Release|Mixed Platforms.Build.0 = Release|x86
		{93EB2C71-E1A5-4980-AE08-FF8B410C0003}.Release|x86.ActiveCfg = Release|x86
		{93EB2C71-E1A5-4980-AE08-FF8B410C0003}.Release|x86.Build.0 = Release|x86
		{7D69CD46-E744-4188-AC44-E97DD561B227}.Debug|Any CPU.ActiveCfg = Debug|Any CPU
		{7D69CD46-E744-4188-AC44-E97DD561B227}.Debug|Any CPU.Build.0 = Debug|Any CPU
		{7D69CD46-E744-4188-AC44-E97DD561B227}.Debug|Mixed Platforms.ActiveCfg = Debug|Any CPU
		{7D69CD46-E744-4188-AC44-E97DD561B227}.Debug|Mixed Platforms.Build.0 = Debug|Any CPU
		{7D69CD46-E744-4188-AC44-E97DD561B227}.Debug|x86.ActiveCfg = Debug|x86
		{7D69CD46-E744-4188-AC44-E97DD561B227}.Debug|x86.Build.0 = Debug|x86
		{7D69CD46-E744-4188-AC44-E97DD561B227}.Release|Any CPU.ActiveCfg = Release|Any CPU
		{7D69CD46-E744-4188-AC44-E97DD561B227}.Release|Any CPU.Build.0 = Release|Any CPU
		{7D69CD46-E744-4188-AC44-E97DD561B227}.Release|Mixed Platforms.ActiveCfg = Release|x86
		{7D69CD46-E744-4188-AC44-E97DD561B227}.Release|Mixed Platforms.Build.0 = Release|x86
		{7D69CD46-E744-4188-AC44-E97DD561B227}.Release|x86.ActiveCfg = Release|x86
		{7D69CD46-E744-4188-AC44-E97DD561B227}.Release|x86.Build.0 = Release|x86
		{0A3EFD89-DE08-4FDB-B5F5-B599C99CE284}.Debug|Any CPU.ActiveCfg = Debug|Any CPU
		{0A3EFD89-DE08-4FDB-B5F5-B599C99CE284}.Debug|Any CPU.Build.0 = Debug|Any CPU
		{0A3EFD89-DE08-4FDB-B5F5-B599C99CE284}.Debug|Mixed Platforms.ActiveCfg = Debug|Any CPU
		{0A3EFD89-DE08-4FDB-B5F5-B599C99CE284}.Debug|Mixed Platforms.Build.0 = Debug|Any CPU
		{0A3EFD89-DE08-4FDB-B5F5-B599C99CE284}.Debug|x86.ActiveCfg = Debug|x86
		{0A3EFD89-DE08-4FDB-B5F5-B599C99CE284}.Debug|x86.Build.0 = Debug|x86
		{0A3EFD89-DE08-4FDB-B5F5-B599C99CE284}.Release|Any CPU.ActiveCfg = Release|Any CPU
		{0A3EFD89-DE08-4FDB-B5F5-B599C99CE284}.Release|Any CPU.Build.0 = Release|Any CPU
		{0A3EFD89-DE08-4FDB-B5F5-B599C99CE284}.Release|Mixed Platforms.ActiveCfg = Release|x86
		{0A3EFD89-DE08-4FDB-B5F5-B599C99CE284}.Release|Mixed Platforms.Build.0 = Release|x86
		{0A3EFD89-DE08-4FDB-B5F5-B599C99CE284}.Release|x86.ActiveCfg = Release|x86
		{0A3EFD89-DE08-4FDB-B5F5-B599C99CE284}.Release|x86.Build.0 = Release|x86
		{7490ADF9-15D6-47DC-B688-704401233F4A}.Debug|Any CPU.ActiveCfg = Debug|Any CPU
		{7490ADF9-15D6-47DC-B688-704401233F4A}.Debug|Any CPU.Build.0 = Debug|Any CPU
		{7490ADF9-15D6-47DC-B688-704401233F4A}.Debug|Mixed Platforms.ActiveCfg = Debug|Any CPU
		{7490ADF9-15D6-47DC-B688-704401233F4A}.Debug|Mixed Platforms.Build.0 = Debug|Any CPU
		{7490ADF9-15D6-47DC-B688-704401233F4A}.Debug|x86.ActiveCfg = Debug|x86
		{7490ADF9-15D6-47DC-B688-704401233F4A}.Debug|x86.Build.0 = Debug|x86
		{7490ADF9-15D6-47DC-B688-704401233F4A}.Release|Any CPU.ActiveCfg = Release|Any CPU
		{7490ADF9-15D6-47DC-B688-704401233F4A}.Release|Any CPU.Build.0 = Release|Any CPU
		{7490ADF9-15D6-47DC-B688-704401233F4A}.Release|Mixed Platforms.ActiveCfg = Release|x86
		{7490ADF9-15D6-47DC-B688-704401233F4A}.Release|Mixed Platforms.Build.0 = Release|x86
		{7490ADF9-15D6-47DC-B688-704401233F4A}.Release|x86.ActiveCfg = Release|x86
		{7490ADF9-15D6-47DC-B688-704401233F4A}.Release|x86.Build.0 = Release|x86
		{DBF05E50-3F3B-475D-A991-FB0CD5BB48EB}.Debug|Any CPU.ActiveCfg = Debug|Any CPU
		{DBF05E50-3F3B-475D-A991-FB0CD5BB48EB}.Debug|Any CPU.Build.0 = Debug|Any CPU
		{DBF05E50-3F3B-475D-A991-FB0CD5BB48EB}.Debug|Mixed Platforms.ActiveCfg = Debug|Any CPU
		{DBF05E50-3F3B-475D-A991-FB0CD5BB48EB}.Debug|Mixed Platforms.Build.0 = Debug|Any CPU
		{DBF05E50-3F3B-475D-A991-FB0CD5BB48EB}.Debug|x86.ActiveCfg = Debug|x86
		{DBF05E50-3F3B-475D-A991-FB0CD5BB48EB}.Debug|x86.Build.0 = Debug|x86
		{DBF05E50-3F3B-475D-A991-FB0CD5BB48EB}.Release|Any CPU.ActiveCfg = Release|Any CPU
		{DBF05E50-3F3B-475D-A991-FB0CD5BB48EB}.Release|Any CPU.Build.0 = Release|Any CPU
		{DBF05E50-3F3B-475D-A991-FB0CD5BB48EB}.Release|Mixed Platforms.ActiveCfg = Release|x86
		{DBF05E50-3F3B-475D-A991-FB0CD5BB48EB}.Release|Mixed Platforms.Build.0 = Release|x86
		{DBF05E50-3F3B-475D-A991-FB0CD5BB48EB}.Release|x86.ActiveCfg = Release|x86
		{DBF05E50-3F3B-475D-A991-FB0CD5BB48EB}.Release|x86.Build.0 = Release|x86
		{26FDC041-8D37-40F2-B302-E2E05DFA5DDB}.Debug|Any CPU.ActiveCfg = Debug|Any CPU
		{26FDC041-8D37-40F2-B302-E2E05DFA5DDB}.Debug|Any CPU.Build.0 = Debug|Any CPU
		{26FDC041-8D37-40F2-B302-E2E05DFA5DDB}.Debug|Mixed Platforms.ActiveCfg = Debug|Any CPU
		{26FDC041-8D37-40F2-B302-E2E05DFA5DDB}.Debug|Mixed Platforms.Build.0 = Debug|Any CPU
		{26FDC041-8D37-40F2-B302-E2E05DFA5DDB}.Debug|x86.ActiveCfg = Debug|x86
		{26FDC041-8D37-40F2-B302-E2E05DFA5DDB}.Debug|x86.Build.0 = Debug|x86
		{26FDC041-8D37-40F2-B302-E2E05DFA5DDB}.Release|Any CPU.ActiveCfg = Release|Any CPU
		{26FDC041-8D37-40F2-B302-E2E05DFA5DDB}.Release|Any CPU.Build.0 = Release|Any CPU
		{26FDC041-8D37-40F2-B302-E2E05DFA5DDB}.Release|Mixed Platforms.ActiveCfg = Release|x86
		{26FDC041-8D37-40F2-B302-E2E05DFA5DDB}.Release|Mixed Platforms.Build.0 = Release|x86
		{26FDC041-8D37-40F2-B302-E2E05DFA5DDB}.Release|x86.ActiveCfg = Release|x86
		{26FDC041-8D37-40F2-B302-E2E05DFA5DDB}.Release|x86.Build.0 = Release|x86
		{22CA3224-02A2-4BD0-A727-D67B856935C3}.Debug|Any CPU.ActiveCfg = Debug|Any CPU
		{22CA3224-02A2-4BD0-A727-D67B856935C3}.Debug|Any CPU.Build.0 = Debug|Any CPU
		{22CA3224-02A2-4BD0-A727-D67B856935C3}.Debug|Mixed Platforms.ActiveCfg = Debug|Any CPU
		{22CA3224-02A2-4BD0-A727-D67B856935C3}.Debug|Mixed Platforms.Build.0 = Debug|Any CPU
		{22CA3224-02A2-4BD0-A727-D67B856935C3}.Debug|x86.ActiveCfg = Debug|x86
		{22CA3224-02A2-4BD0-A727-D67B856935C3}.Debug|x86.Build.0 = Debug|x86
		{22CA3224-02A2-4BD0-A727-D67B856935C3}.Release|Any CPU.ActiveCfg = Release|Any CPU
		{22CA3224-02A2-4BD0-A727-D67B856935C3}.Release|Any CPU.Build.0 = Release|Any CPU
		{22CA3224-02A2-4BD0-A727-D67B856935C3}.Release|Mixed Platforms.ActiveCfg = Release|x86
		{22CA3224-02A2-4BD0-A727-D67B856935C3}.Release|Mixed Platforms.Build.0 = Release|x86
		{22CA3224-02A2-4BD0-A727-D67B856935C3}.Release|x86.ActiveCfg = Release|x86
		{22CA3224-02A2-4BD0-A727-D67B856935C3}.Release|x86.Build.0 = Release|x86
		{452D1222-0989-4521-9501-50D38536E390}.Debug|Any CPU.ActiveCfg = Debug|Any CPU
		{452D1222-0989-4521-9501-50D38536E390}.Debug|Any CPU.Build.0 = Debug|Any CPU
		{452D1222-0989-4521-9501-50D38536E390}.Debug|Mixed Platforms.ActiveCfg = Debug|Any CPU
		{452D1222-0989-4521-9501-50D38536E390}.Debug|Mixed Platforms.Build.0 = Debug|Any CPU
		{452D1222-0989-4521-9501-50D38536E390}.Debug|x86.ActiveCfg = Debug|x86
		{452D1222-0989-4521-9501-50D38536E390}.Debug|x86.Build.0 = Debug|x86
		{452D1222-0989-4521-9501-50D38536E390}.Release|Any CPU.ActiveCfg = Release|Any CPU
		{452D1222-0989-4521-9501-50D38536E390}.Release|Any CPU.Build.0 = Release|Any CPU
		{452D1222-0989-4521-9501-50D38536E390}.Release|Mixed Platforms.ActiveCfg = Release|x86
		{452D1222-0989-4521-9501-50D38536E390}.Release|Mixed Platforms.Build.0 = Release|x86
		{452D1222-0989-4521-9501-50D38536E390}.Release|x86.ActiveCfg = Release|x86
		{452D1222-0989-4521-9501-50D38536E390}.Release|x86.Build.0 = Release|x86
		{66676F42-46AF-49E0-A9A7-D39D21098693}.Debug|Any CPU.ActiveCfg = Debug|Any CPU
		{66676F42-46AF-49E0-A9A7-D39D21098693}.Debug|Any CPU.Build.0 = Debug|Any CPU
		{66676F42-46AF-49E0-A9A7-D39D21098693}.Debug|Mixed Platforms.ActiveCfg = Debug|Any CPU
		{66676F42-46AF-49E0-A9A7-D39D21098693}.Debug|Mixed Platforms.Build.0 = Debug|Any CPU
		{66676F42-46AF-49E0-A9A7-D39D21098693}.Debug|x86.ActiveCfg = Debug|Any CPU
		{66676F42-46AF-49E0-A9A7-D39D21098693}.Release|Any CPU.ActiveCfg = Release|Any CPU
		{66676F42-46AF-49E0-A9A7-D39D21098693}.Release|Any CPU.Build.0 = Release|Any CPU
		{66676F42-46AF-49E0-A9A7-D39D21098693}.Release|Mixed Platforms.ActiveCfg = Release|Any CPU
		{66676F42-46AF-49E0-A9A7-D39D21098693}.Release|Mixed Platforms.Build.0 = Release|Any CPU
		{66676F42-46AF-49E0-A9A7-D39D21098693}.Release|x86.ActiveCfg = Release|Any CPU
		{ABD2F40B-FCF1-43D6-9258-0698D3112D48}.Debug|Any CPU.ActiveCfg = Debug|Any CPU
		{ABD2F40B-FCF1-43D6-9258-0698D3112D48}.Debug|Any CPU.Build.0 = Debug|Any CPU
		{ABD2F40B-FCF1-43D6-9258-0698D3112D48}.Debug|Mixed Platforms.ActiveCfg = Debug|Any CPU
		{ABD2F40B-FCF1-43D6-9258-0698D3112D48}.Debug|Mixed Platforms.Build.0 = Debug|Any CPU
		{ABD2F40B-FCF1-43D6-9258-0698D3112D48}.Debug|x86.ActiveCfg = Debug|Any CPU
		{ABD2F40B-FCF1-43D6-9258-0698D3112D48}.Release|Any CPU.ActiveCfg = Release|Any CPU
		{ABD2F40B-FCF1-43D6-9258-0698D3112D48}.Release|Any CPU.Build.0 = Release|Any CPU
		{ABD2F40B-FCF1-43D6-9258-0698D3112D48}.Release|Mixed Platforms.ActiveCfg = Release|Any CPU
		{ABD2F40B-FCF1-43D6-9258-0698D3112D48}.Release|Mixed Platforms.Build.0 = Release|Any CPU
		{ABD2F40B-FCF1-43D6-9258-0698D3112D48}.Release|x86.ActiveCfg = Release|Any CPU
		{94B9C43C-F0E8-4759-ACB1-148DF16F2815}.Debug|Any CPU.ActiveCfg = Debug|Any CPU
		{94B9C43C-F0E8-4759-ACB1-148DF16F2815}.Debug|Any CPU.Build.0 = Debug|Any CPU
		{94B9C43C-F0E8-4759-ACB1-148DF16F2815}.Debug|Mixed Platforms.ActiveCfg = Debug|Any CPU
		{94B9C43C-F0E8-4759-ACB1-148DF16F2815}.Debug|Mixed Platforms.Build.0 = Debug|Any CPU
		{94B9C43C-F0E8-4759-ACB1-148DF16F2815}.Debug|x86.ActiveCfg = Debug|Any CPU
		{94B9C43C-F0E8-4759-ACB1-148DF16F2815}.Release|Any CPU.ActiveCfg = Release|Any CPU
		{94B9C43C-F0E8-4759-ACB1-148DF16F2815}.Release|Any CPU.Build.0 = Release|Any CPU
		{94B9C43C-F0E8-4759-ACB1-148DF16F2815}.Release|Mixed Platforms.ActiveCfg = Release|Any CPU
		{94B9C43C-F0E8-4759-ACB1-148DF16F2815}.Release|Mixed Platforms.Build.0 = Release|Any CPU
		{94B9C43C-F0E8-4759-ACB1-148DF16F2815}.Release|x86.ActiveCfg = Release|Any CPU
		{849C3BA0-D1FD-4D57-B95A-590B9E5954C8}.Debug|Any CPU.ActiveCfg = Debug|Any CPU
		{849C3BA0-D1FD-4D57-B95A-590B9E5954C8}.Debug|Any CPU.Build.0 = Debug|Any CPU
		{849C3BA0-D1FD-4D57-B95A-590B9E5954C8}.Debug|Mixed Platforms.ActiveCfg = Debug|Any CPU
		{849C3BA0-D1FD-4D57-B95A-590B9E5954C8}.Debug|Mixed Platforms.Build.0 = Debug|Any CPU
		{849C3BA0-D1FD-4D57-B95A-590B9E5954C8}.Debug|x86.ActiveCfg = Debug|Any CPU
		{849C3BA0-D1FD-4D57-B95A-590B9E5954C8}.Release|Any CPU.ActiveCfg = Release|Any CPU
		{849C3BA0-D1FD-4D57-B95A-590B9E5954C8}.Release|Any CPU.Build.0 = Release|Any CPU
		{849C3BA0-D1FD-4D57-B95A-590B9E5954C8}.Release|Mixed Platforms.ActiveCfg = Release|Any CPU
		{849C3BA0-D1FD-4D57-B95A-590B9E5954C8}.Release|Mixed Platforms.Build.0 = Release|Any CPU
		{849C3BA0-D1FD-4D57-B95A-590B9E5954C8}.Release|x86.ActiveCfg = Release|Any CPU
		{9890F571-444F-4EDB-8BA4-58F1C0921937}.Debug|Any CPU.ActiveCfg = Debug|Any CPU
		{9890F571-444F-4EDB-8BA4-58F1C0921937}.Debug|Any CPU.Build.0 = Debug|Any CPU
		{9890F571-444F-4EDB-8BA4-58F1C0921937}.Debug|Mixed Platforms.ActiveCfg = Debug|Any CPU
		{9890F571-444F-4EDB-8BA4-58F1C0921937}.Debug|Mixed Platforms.Build.0 = Debug|Any CPU
		{9890F571-444F-4EDB-8BA4-58F1C0921937}.Debug|x86.ActiveCfg = Debug|Any CPU
		{9890F571-444F-4EDB-8BA4-58F1C0921937}.Release|Any CPU.ActiveCfg = Release|Any CPU
		{9890F571-444F-4EDB-8BA4-58F1C0921937}.Release|Any CPU.Build.0 = Release|Any CPU
		{9890F571-444F-4EDB-8BA4-58F1C0921937}.Release|Mixed Platforms.ActiveCfg = Release|Any CPU
		{9890F571-444F-4EDB-8BA4-58F1C0921937}.Release|Mixed Platforms.Build.0 = Release|Any CPU
		{9890F571-444F-4EDB-8BA4-58F1C0921937}.Release|x86.ActiveCfg = Release|Any CPU
		{E10E5A97-BC2A-47EF-96D3-57A7774220EA}.Debug|Any CPU.ActiveCfg = Debug|Any CPU
		{E10E5A97-BC2A-47EF-96D3-57A7774220EA}.Debug|Any CPU.Build.0 = Debug|Any CPU
		{E10E5A97-BC2A-47EF-96D3-57A7774220EA}.Debug|Mixed Platforms.ActiveCfg = Debug|Any CPU
		{E10E5A97-BC2A-47EF-96D3-57A7774220EA}.Debug|Mixed Platforms.Build.0 = Debug|Any CPU
		{E10E5A97-BC2A-47EF-96D3-57A7774220EA}.Debug|x86.ActiveCfg = Debug|Any CPU
		{E10E5A97-BC2A-47EF-96D3-57A7774220EA}.Release|Any CPU.ActiveCfg = Release|Any CPU
		{E10E5A97-BC2A-47EF-96D3-57A7774220EA}.Release|Any CPU.Build.0 = Release|Any CPU
		{E10E5A97-BC2A-47EF-96D3-57A7774220EA}.Release|Mixed Platforms.ActiveCfg = Release|Any CPU
		{E10E5A97-BC2A-47EF-96D3-57A7774220EA}.Release|Mixed Platforms.Build.0 = Release|Any CPU
		{E10E5A97-BC2A-47EF-96D3-57A7774220EA}.Release|x86.ActiveCfg = Release|Any CPU
		{95996305-E16C-4756-93E4-B615B6793F2A}.Debug|Any CPU.ActiveCfg = Debug|Any CPU
		{95996305-E16C-4756-93E4-B615B6793F2A}.Debug|Any CPU.Build.0 = Debug|Any CPU
		{95996305-E16C-4756-93E4-B615B6793F2A}.Debug|Mixed Platforms.ActiveCfg = Debug|Any CPU
		{95996305-E16C-4756-93E4-B615B6793F2A}.Debug|Mixed Platforms.Build.0 = Debug|Any CPU
		{95996305-E16C-4756-93E4-B615B6793F2A}.Debug|x86.ActiveCfg = Debug|Any CPU
		{95996305-E16C-4756-93E4-B615B6793F2A}.Release|Any CPU.ActiveCfg = Release|Any CPU
		{95996305-E16C-4756-93E4-B615B6793F2A}.Release|Any CPU.Build.0 = Release|Any CPU
		{95996305-E16C-4756-93E4-B615B6793F2A}.Release|Mixed Platforms.ActiveCfg = Release|Any CPU
		{95996305-E16C-4756-93E4-B615B6793F2A}.Release|Mixed Platforms.Build.0 = Release|Any CPU
		{95996305-E16C-4756-93E4-B615B6793F2A}.Release|x86.ActiveCfg = Release|Any CPU
		{B7B29422-A7EF-4457-9D23-A57C78F1C039}.Debug|Any CPU.ActiveCfg = Debug|Any CPU
		{B7B29422-A7EF-4457-9D23-A57C78F1C039}.Debug|Any CPU.Build.0 = Debug|Any CPU
		{B7B29422-A7EF-4457-9D23-A57C78F1C039}.Debug|Mixed Platforms.ActiveCfg = Debug|Any CPU
		{B7B29422-A7EF-4457-9D23-A57C78F1C039}.Debug|Mixed Platforms.Build.0 = Debug|Any CPU
		{B7B29422-A7EF-4457-9D23-A57C78F1C039}.Debug|x86.ActiveCfg = Debug|Any CPU
		{B7B29422-A7EF-4457-9D23-A57C78F1C039}.Release|Any CPU.ActiveCfg = Release|Any CPU
		{B7B29422-A7EF-4457-9D23-A57C78F1C039}.Release|Any CPU.Build.0 = Release|Any CPU
		{B7B29422-A7EF-4457-9D23-A57C78F1C039}.Release|Mixed Platforms.ActiveCfg = Release|Any CPU
		{B7B29422-A7EF-4457-9D23-A57C78F1C039}.Release|Mixed Platforms.Build.0 = Release|Any CPU
		{B7B29422-A7EF-4457-9D23-A57C78F1C039}.Release|x86.ActiveCfg = Release|Any CPU
		{D078E6BA-66BB-42BA-827B-92770ECBE928}.Debug|Any CPU.ActiveCfg = Debug|Any CPU
		{D078E6BA-66BB-42BA-827B-92770ECBE928}.Debug|Mixed Platforms.ActiveCfg = Debug|Any CPU
		{D078E6BA-66BB-42BA-827B-92770ECBE928}.Debug|Mixed Platforms.Build.0 = Debug|Any CPU
		{D078E6BA-66BB-42BA-827B-92770ECBE928}.Debug|x86.ActiveCfg = Debug|Any CPU
		{D078E6BA-66BB-42BA-827B-92770ECBE928}.Release|Any CPU.ActiveCfg = Release|Any CPU
		{D078E6BA-66BB-42BA-827B-92770ECBE928}.Release|Any CPU.Build.0 = Release|Any CPU
		{D078E6BA-66BB-42BA-827B-92770ECBE928}.Release|Mixed Platforms.ActiveCfg = Release|Any CPU
		{D078E6BA-66BB-42BA-827B-92770ECBE928}.Release|Mixed Platforms.Build.0 = Release|Any CPU
		{D078E6BA-66BB-42BA-827B-92770ECBE928}.Release|x86.ActiveCfg = Release|Any CPU
		{5A2EB9D1-948D-4E1C-9185-EE47FEB9CAFB}.Debug|Any CPU.ActiveCfg = Debug|Any CPU
		{5A2EB9D1-948D-4E1C-9185-EE47FEB9CAFB}.Debug|Any CPU.Build.0 = Debug|Any CPU
		{5A2EB9D1-948D-4E1C-9185-EE47FEB9CAFB}.Debug|Mixed Platforms.ActiveCfg = Debug|Any CPU
		{5A2EB9D1-948D-4E1C-9185-EE47FEB9CAFB}.Debug|Mixed Platforms.Build.0 = Debug|Any CPU
		{5A2EB9D1-948D-4E1C-9185-EE47FEB9CAFB}.Debug|x86.ActiveCfg = Debug|Any CPU
		{5A2EB9D1-948D-4E1C-9185-EE47FEB9CAFB}.Release|Any CPU.ActiveCfg = Release|Any CPU
		{5A2EB9D1-948D-4E1C-9185-EE47FEB9CAFB}.Release|Any CPU.Build.0 = Release|Any CPU
		{5A2EB9D1-948D-4E1C-9185-EE47FEB9CAFB}.Release|Mixed Platforms.ActiveCfg = Release|Any CPU
		{5A2EB9D1-948D-4E1C-9185-EE47FEB9CAFB}.Release|Mixed Platforms.Build.0 = Release|Any CPU
		{5A2EB9D1-948D-4E1C-9185-EE47FEB9CAFB}.Release|x86.ActiveCfg = Release|Any CPU
		{E6AF58A8-1991-4193-A560-B5A1882D7297}.Debug|Any CPU.ActiveCfg = Debug|Any CPU
		{E6AF58A8-1991-4193-A560-B5A1882D7297}.Debug|Any CPU.Build.0 = Debug|Any CPU
		{E6AF58A8-1991-4193-A560-B5A1882D7297}.Debug|Mixed Platforms.ActiveCfg = Debug|Any CPU
		{E6AF58A8-1991-4193-A560-B5A1882D7297}.Debug|Mixed Platforms.Build.0 = Debug|Any CPU
		{E6AF58A8-1991-4193-A560-B5A1882D7297}.Debug|x86.ActiveCfg = Debug|x86
		{E6AF58A8-1991-4193-A560-B5A1882D7297}.Debug|x86.Build.0 = Debug|x86
		{E6AF58A8-1991-4193-A560-B5A1882D7297}.Release|Any CPU.ActiveCfg = Release|Any CPU
		{E6AF58A8-1991-4193-A560-B5A1882D7297}.Release|Any CPU.Build.0 = Release|Any CPU
		{E6AF58A8-1991-4193-A560-B5A1882D7297}.Release|Mixed Platforms.ActiveCfg = Release|x86
		{E6AF58A8-1991-4193-A560-B5A1882D7297}.Release|Mixed Platforms.Build.0 = Release|x86
		{E6AF58A8-1991-4193-A560-B5A1882D7297}.Release|x86.ActiveCfg = Release|x86
		{E6AF58A8-1991-4193-A560-B5A1882D7297}.Release|x86.Build.0 = Release|x86
		{4DCE28FE-43FF-4E85-915A-1F460D86F881}.Debug|Any CPU.ActiveCfg = Debug|Any CPU
		{4DCE28FE-43FF-4E85-915A-1F460D86F881}.Debug|Any CPU.Build.0 = Debug|Any CPU
		{4DCE28FE-43FF-4E85-915A-1F460D86F881}.Debug|Mixed Platforms.ActiveCfg = Debug|Any CPU
		{4DCE28FE-43FF-4E85-915A-1F460D86F881}.Debug|Mixed Platforms.Build.0 = Debug|Any CPU
		{4DCE28FE-43FF-4E85-915A-1F460D86F881}.Debug|x86.ActiveCfg = Debug|Any CPU
		{4DCE28FE-43FF-4E85-915A-1F460D86F881}.Debug|x86.Build.0 = Debug|Any CPU
		{4DCE28FE-43FF-4E85-915A-1F460D86F881}.Release|Any CPU.ActiveCfg = Release|Any CPU
		{4DCE28FE-43FF-4E85-915A-1F460D86F881}.Release|Any CPU.Build.0 = Release|Any CPU
		{4DCE28FE-43FF-4E85-915A-1F460D86F881}.Release|Mixed Platforms.ActiveCfg = Release|Any CPU
		{4DCE28FE-43FF-4E85-915A-1F460D86F881}.Release|Mixed Platforms.Build.0 = Release|Any CPU
		{4DCE28FE-43FF-4E85-915A-1F460D86F881}.Release|x86.ActiveCfg = Release|Any CPU
		{4DCE28FE-43FF-4E85-915A-1F460D86F881}.Release|x86.Build.0 = Release|Any CPU
		{12FDEEFC-91D4-4FA1-8601-4DB4A87F99F3}.Debug|Any CPU.ActiveCfg = Debug|Any CPU
		{12FDEEFC-91D4-4FA1-8601-4DB4A87F99F3}.Debug|Any CPU.Build.0 = Debug|Any CPU
		{12FDEEFC-91D4-4FA1-8601-4DB4A87F99F3}.Debug|Mixed Platforms.ActiveCfg = Debug|Any CPU
		{12FDEEFC-91D4-4FA1-8601-4DB4A87F99F3}.Debug|Mixed Platforms.Build.0 = Debug|Any CPU
		{12FDEEFC-91D4-4FA1-8601-4DB4A87F99F3}.Debug|x86.ActiveCfg = Debug|Any CPU
		{12FDEEFC-91D4-4FA1-8601-4DB4A87F99F3}.Debug|x86.Build.0 = Debug|Any CPU
		{12FDEEFC-91D4-4FA1-8601-4DB4A87F99F3}.Release|Any CPU.ActiveCfg = Release|Any CPU
		{12FDEEFC-91D4-4FA1-8601-4DB4A87F99F3}.Release|Any CPU.Build.0 = Release|Any CPU
		{12FDEEFC-91D4-4FA1-8601-4DB4A87F99F3}.Release|Mixed Platforms.ActiveCfg = Release|Any CPU
		{12FDEEFC-91D4-4FA1-8601-4DB4A87F99F3}.Release|Mixed Platforms.Build.0 = Release|Any CPU
		{12FDEEFC-91D4-4FA1-8601-4DB4A87F99F3}.Release|x86.ActiveCfg = Release|Any CPU
		{12FDEEFC-91D4-4FA1-8601-4DB4A87F99F3}.Release|x86.Build.0 = Release|Any CPU
		{7098A00E-1F84-48A2-A5B2-ADCBEE3BA880}.Debug|Any CPU.ActiveCfg = Debug|Any CPU
		{7098A00E-1F84-48A2-A5B2-ADCBEE3BA880}.Debug|Any CPU.Build.0 = Debug|Any CPU
		{7098A00E-1F84-48A2-A5B2-ADCBEE3BA880}.Debug|Mixed Platforms.ActiveCfg = Debug|Any CPU
		{7098A00E-1F84-48A2-A5B2-ADCBEE3BA880}.Debug|Mixed Platforms.Build.0 = Debug|Any CPU
		{7098A00E-1F84-48A2-A5B2-ADCBEE3BA880}.Debug|x86.ActiveCfg = Debug|Any CPU
		{7098A00E-1F84-48A2-A5B2-ADCBEE3BA880}.Debug|x86.Build.0 = Debug|Any CPU
		{7098A00E-1F84-48A2-A5B2-ADCBEE3BA880}.Release|Any CPU.ActiveCfg = Release|Any CPU
		{7098A00E-1F84-48A2-A5B2-ADCBEE3BA880}.Release|Any CPU.Build.0 = Release|Any CPU
		{7098A00E-1F84-48A2-A5B2-ADCBEE3BA880}.Release|Mixed Platforms.ActiveCfg = Release|Any CPU
		{7098A00E-1F84-48A2-A5B2-ADCBEE3BA880}.Release|Mixed Platforms.Build.0 = Release|Any CPU
		{7098A00E-1F84-48A2-A5B2-ADCBEE3BA880}.Release|x86.ActiveCfg = Release|Any CPU
		{7098A00E-1F84-48A2-A5B2-ADCBEE3BA880}.Release|x86.Build.0 = Release|Any CPU
	EndGlobalSection
	GlobalSection(SolutionProperties) = preSolution
		HideSolutionNode = FALSE
	EndGlobalSection
	GlobalSection(NestedProjects) = preSolution
		{88D02A6C-FBF4-4ED5-8589-82FB77411C9D} = {4923E70A-8F8D-4309-B042-C08B7C4940AE}
		{257EFDDC-6BE9-40B9-9D2C-B71A6938B8CB} = {4923E70A-8F8D-4309-B042-C08B7C4940AE}
		{C504614D-E365-4B4B-B962-F31BCDA78EAD} = {4923E70A-8F8D-4309-B042-C08B7C4940AE}
		{0DD4242C-E743-4FAC-8427-302D53262981} = {4923E70A-8F8D-4309-B042-C08B7C4940AE}
		{DC6D0CD0-9AAF-47C1-B974-E70DBD8A4A7C} = {4923E70A-8F8D-4309-B042-C08B7C4940AE}
		{93EB2C71-E1A5-4980-AE08-FF8B410C0003} = {4923E70A-8F8D-4309-B042-C08B7C4940AE}
		{7D69CD46-E744-4188-AC44-E97DD561B227} = {4923E70A-8F8D-4309-B042-C08B7C4940AE}
		{0A3EFD89-DE08-4FDB-B5F5-B599C99CE284} = {4923E70A-8F8D-4309-B042-C08B7C4940AE}
		{7490ADF9-15D6-47DC-B688-704401233F4A} = {4923E70A-8F8D-4309-B042-C08B7C4940AE}
		{DBF05E50-3F3B-475D-A991-FB0CD5BB48EB} = {4923E70A-8F8D-4309-B042-C08B7C4940AE}
		{26FDC041-8D37-40F2-B302-E2E05DFA5DDB} = {4923E70A-8F8D-4309-B042-C08B7C4940AE}
		{22CA3224-02A2-4BD0-A727-D67B856935C3} = {4923E70A-8F8D-4309-B042-C08B7C4940AE}
		{452D1222-0989-4521-9501-50D38536E390} = {4923E70A-8F8D-4309-B042-C08B7C4940AE}
		{66676F42-46AF-49E0-A9A7-D39D21098693} = {4923E70A-8F8D-4309-B042-C08B7C4940AE}
		{ABD2F40B-FCF1-43D6-9258-0698D3112D48} = {4923E70A-8F8D-4309-B042-C08B7C4940AE}
		{94B9C43C-F0E8-4759-ACB1-148DF16F2815} = {4923E70A-8F8D-4309-B042-C08B7C4940AE}
		{849C3BA0-D1FD-4D57-B95A-590B9E5954C8} = {4923E70A-8F8D-4309-B042-C08B7C4940AE}
		{E10E5A97-BC2A-47EF-96D3-57A7774220EA} = {4923E70A-8F8D-4309-B042-C08B7C4940AE}
		{D078E6BA-66BB-42BA-827B-92770ECBE928} = {4923E70A-8F8D-4309-B042-C08B7C4940AE}
		{5A2EB9D1-948D-4E1C-9185-EE47FEB9CAFB} = {4923E70A-8F8D-4309-B042-C08B7C4940AE}
		{E6AF58A8-1991-4193-A560-B5A1882D7297} = {4923E70A-8F8D-4309-B042-C08B7C4940AE}
		{12FDEEFC-91D4-4FA1-8601-4DB4A87F99F3} = {E272F1BF-BBB4-43E8-ABC3-E5357A9A7616}
		{7098A00E-1F84-48A2-A5B2-ADCBEE3BA880} = {E272F1BF-BBB4-43E8-ABC3-E5357A9A7616}
	EndGlobalSection
EndGlobal
